
Microsoft Visual Studio Solution File, Format Version 12.00
# Visual Studio Version 16
VisualStudioVersion = 16.0.31205.134
MinimumVisualStudioVersion = 10.0.40219.1
Project("{FAE04EC0-301F-11D3-BF4B-00C04F79EFBC}") = "TennisAustraliaAssignment", "TennisAustraliaAssignment.csproj", "{21135056-3CEF-47B5-B78E-EB3BFBC73EF7}"
EndProject
Global
	GlobalSection(SolutionConfigurationPlatforms) = preSolution
		Debug|Any CPU = Debug|Any CPU
		Release|Any CPU = Release|Any CPU
	EndGlobalSection
	GlobalSection(ProjectConfigurationPlatforms) = postSolution
		{21135056-3CEF-47B5-B78E-EB3BFBC73EF7}.Debug|Any CPU.ActiveCfg = Debug|Any CPU
		{21135056-3CEF-47B5-B78E-EB3BFBC73EF7}.Debug|Any CPU.Build.0 = Debug|Any CPU
		{21135056-3CEF-47B5-B78E-EB3BFBC73EF7}.Release|Any CPU.ActiveCfg = Release|Any CPU
		{21135056-3CEF-47B5-B78E-EB3BFBC73EF7}.Release|Any CPU.Build.0 = Release|Any CPU
	EndGlobalSection
	GlobalSection(SolutionProperties) = preSolution
		HideSolutionNode = FALSE
	EndGlobalSection
	GlobalSection(ExtensibilityGlobals) = postSolution
		SolutionGuid = {053E6A63-834C-4467-BB00-D85708F99D8B}
	EndGlobalSection
EndGlobal
